// !$*UTF8*$!
{
	archiveVersion = 1;
	classes = {
	};
	objectVersion = 50;
	objects = {

/* Begin PBXBuildFile section */
		DF407171227105070025911F /* AppDelegate.swift in Sources */ = {isa = PBXBuildFile; fileRef = DF407170227105070025911F /* AppDelegate.swift */; };
		DF407173227105070025911F /* TodoListViewController.swift in Sources */ = {isa = PBXBuildFile; fileRef = DF407172227105070025911F /* TodoListViewController.swift */; };
		DF407176227105070025911F /* Main.storyboard in Resources */ = {isa = PBXBuildFile; fileRef = DF407174227105070025911F /* Main.storyboard */; };
		DF407178227105080025911F /* Assets.xcassets in Resources */ = {isa = PBXBuildFile; fileRef = DF407177227105080025911F /* Assets.xcassets */; };
		DF40717B227105080025911F /* LaunchScreen.storyboard in Resources */ = {isa = PBXBuildFile; fileRef = DF407179227105080025911F /* LaunchScreen.storyboard */; };
		DF880E47228CA41B00CF844D /* CategoryViewController.swift in Sources */ = {isa = PBXBuildFile; fileRef = DF880E46228CA41B00CF844D /* CategoryViewController.swift */; };
		DF8A5AF722832DD2005F6710 /* DataModel.xcdatamodeld in Sources */ = {isa = PBXBuildFile; fileRef = DF8A5AF522832DD2005F6710 /* DataModel.xcdatamodeld */; };
/* End PBXBuildFile section */

/* Begin PBXFileReference section */
		DF40716D227105070025911F /* 12-Todoey.app */ = {isa = PBXFileReference; explicitFileType = wrapper.application; includeInIndex = 0; path = "12-Todoey.app"; sourceTree = BUILT_PRODUCTS_DIR; };
		DF407170227105070025911F /* AppDelegate.swift */ = {isa = PBXFileReference; lastKnownFileType = sourcecode.swift; path = AppDelegate.swift; sourceTree = "<group>"; };
		DF407172227105070025911F /* TodoListViewController.swift */ = {isa = PBXFileReference; lastKnownFileType = sourcecode.swift; path = TodoListViewController.swift; sourceTree = "<group>"; };
		DF407175227105070025911F /* Base */ = {isa = PBXFileReference; lastKnownFileType = file.storyboard; name = Base; path = Base.lproj/Main.storyboard; sourceTree = "<group>"; };
		DF407177227105080025911F /* Assets.xcassets */ = {isa = PBXFileReference; lastKnownFileType = folder.assetcatalog; path = Assets.xcassets; sourceTree = "<group>"; };
		DF40717A227105080025911F /* Base */ = {isa = PBXFileReference; lastKnownFileType = file.storyboard; name = Base; path = Base.lproj/LaunchScreen.storyboard; sourceTree = "<group>"; };
		DF40717C227105080025911F /* Info.plist */ = {isa = PBXFileReference; lastKnownFileType = text.plist.xml; path = Info.plist; sourceTree = "<group>"; };
		DF880E46228CA41B00CF844D /* CategoryViewController.swift */ = {isa = PBXFileReference; lastKnownFileType = sourcecode.swift; path = CategoryViewController.swift; sourceTree = "<group>"; };
		DF8A5AF622832DD2005F6710 /* DataModel.xcdatamodel */ = {isa = PBXFileReference; lastKnownFileType = wrapper.xcdatamodel; path = DataModel.xcdatamodel; sourceTree = "<group>"; };
/* End PBXFileReference section */

/* Begin PBXFrameworksBuildPhase section */
		DF40716A227105070025911F /* Frameworks */ = {
			isa = PBXFrameworksBuildPhase;
			buildActionMask = 2147483647;
			files = (
			);
			runOnlyForDeploymentPostprocessing = 0;
		};
/* End PBXFrameworksBuildPhase section */

/* Begin PBXGroup section */
		DF407164227105070025911F = {
			isa = PBXGroup;
			children = (
				DF40716F227105070025911F /* 12-Todoey */,
				DF40716E227105070025911F /* Products */,
			);
			sourceTree = "<group>";
		};
		DF40716E227105070025911F /* Products */ = {
			isa = PBXGroup;
			children = (
				DF40716D227105070025911F /* 12-Todoey.app */,
			);
			name = Products;
			sourceTree = "<group>";
		};
		DF40716F227105070025911F /* 12-Todoey */ = {
			isa = PBXGroup;
			children = (
				DF407170227105070025911F /* AppDelegate.swift */,
				DF407186227B84CB0025911F /* Controllers */,
				DF407184227B84AA0025911F /* Data Model */,
				DF407185227B84BB0025911F /* Views */,
				DF407187227B84E00025911F /* Supporting Files */,
				DF40717C227105080025911F /* Info.plist */,
			);
			path = "12-Todoey";
			sourceTree = "<group>";
		};
		DF407184227B84AA0025911F /* Data Model */ = {
			isa = PBXGroup;
			children = (
				DF8A5AF522832DD2005F6710 /* DataModel.xcdatamodeld */,
			);
			path = "Data Model";
			sourceTree = "<group>";
		};
		DF407185227B84BB0025911F /* Views */ = {
			isa = PBXGroup;
			children = (
				DF407174227105070025911F /* Main.storyboard */,
			);
			path = Views;
			sourceTree = "<group>";
		};
		DF407186227B84CB0025911F /* Controllers */ = {
			isa = PBXGroup;
			children = (
				DF880E46228CA41B00CF844D /* CategoryViewController.swift */,
				DF407172227105070025911F /* TodoListViewController.swift */,
			);
			path = Controllers;
			sourceTree = "<group>";
		};
		DF407187227B84E00025911F /* Supporting Files */ = {
			isa = PBXGroup;
			children = (
				DF407177227105080025911F /* Assets.xcassets */,
				DF407179227105080025911F /* LaunchScreen.storyboard */,
			);
			path = "Supporting Files";
			sourceTree = "<group>";
		};
/* End PBXGroup section */

/* Begin PBXNativeTarget section */
		DF40716C227105070025911F /* 12-Todoey */ = {
			isa = PBXNativeTarget;
			buildConfigurationList = DF40717F227105080025911F /* Build configuration list for PBXNativeTarget "12-Todoey" */;
			buildPhases = (
				DF407169227105070025911F /* Sources */,
				DF40716A227105070025911F /* Frameworks */,
				DF40716B227105070025911F /* Resources */,
			);
			buildRules = (
			);
			dependencies = (
			);
			name = "12-Todoey";
			productName = "12-Todoey";
			productReference = DF40716D227105070025911F /* 12-Todoey.app */;
			productType = "com.apple.product-type.application";
		};
/* End PBXNativeTarget section */

/* Begin PBXProject section */
		DF407165227105070025911F /* Project object */ = {
			isa = PBXProject;
			attributes = {
				LastSwiftUpdateCheck = 1020;
				LastUpgradeCheck = 1020;
				ORGANIZATIONNAME = "Ceci Rdz";
				TargetAttributes = {
					DF40716C227105070025911F = {
						CreatedOnToolsVersion = 10.2;
					};
				};
			};
			buildConfigurationList = DF407168227105070025911F /* Build configuration list for PBXProject "12-Todoey" */;
			compatibilityVersion = "Xcode 9.3";
			developmentRegion = en;
			hasScannedForEncodings = 0;
			knownRegions = (
				en,
				Base,
			);
			mainGroup = DF407164227105070025911F;
			productRefGroup = DF40716E227105070025911F /* Products */;
			projectDirPath = "";
			projectRoot = "";
			targets = (
				DF40716C227105070025911F /* 12-Todoey */,
			);
		};
/* End PBXProject section */

/* Begin PBXResourcesBuildPhase section */
		DF40716B227105070025911F /* Resources */ = {
			isa = PBXResourcesBuildPhase;
			buildActionMask = 2147483647;
			files = (
				DF40717B227105080025911F /* LaunchScreen.storyboard in Resources */,
				DF407178227105080025911F /* Assets.xcassets in Resources */,
				DF407176227105070025911F /* Main.storyboard in Resources */,
			);
			runOnlyForDeploymentPostprocessing = 0;
		};
/* End PBXResourcesBuildPhase section */

/* Begin PBXSourcesBuildPhase section */
		DF407169227105070025911F /* Sources */ = {
			isa = PBXSourcesBuildPhase;
			buildActionMask = 2147483647;
			files = (
				DF880E47228CA41B00CF844D /* CategoryViewController.swift in Sources */,
				DF407173227105070025911F /* TodoListViewController.swift in Sources */,
				DF8A5AF722832DD2005F6710 /* DataModel.xcdatamodeld in Sources */,
				DF407171227105070025911F /* AppDelegate.swift in Sources */,
			);
			runOnlyForDeploymentPostprocessing = 0;
		};
/* End PBXSourcesBuildPhase section */

/* Begin PBXVariantGroup section */
		DF407174227105070025911F /* Main.storyboard */ = {
			isa = PBXVariantGroup;
			children = (
				DF407175227105070025911F /* Base */,
			);
			name = Main.storyboard;
			sourceTree = "<group>";
		};
		DF407179227105080025911F /* LaunchScreen.storyboard */ = {
			isa = PBXVariantGroup;
			children = (
				DF40717A227105080025911F /* Base */,
			);
			name = LaunchScreen.storyboard;
			sourceTree = "<group>";
		};
/* End PBXVariantGroup section */

/* Begin XCBuildConfiguration section */
		DF40717D227105080025911F /* Debug */ = {
			isa = XCBuildConfiguration;
			buildSettings = {
				ALWAYS_SEARCH_USER_PATHS = NO;
				CLANG_ANALYZER_NONNULL = YES;
				CLANG_ANALYZER_NUMBER_OBJECT_CONVERSION = YES_AGGRESSIVE;
				CLANG_CXX_LANGUAGE_STANDARD = "gnu++14";
				CLANG_CXX_LIBRARY = "libc++";
				CLANG_ENABLE_MODULES = YES;
				CLANG_ENABLE_OBJC_ARC = YES;
				CLANG_ENABLE_OBJC_WEAK = YES;
				CLANG_WARN_BLOCK_CAPTURE_AUTORELEASING = YES;
				CLANG_WARN_BOOL_CONVERSION = YES;
				CLANG_WARN_COMMA = YES;
				CLANG_WARN_CONSTANT_CONVERSION = YES;
				CLANG_WARN_DEPRECATED_OBJC_IMPLEMENTATIONS = YES;
				CLANG_WARN_DIRECT_OBJC_ISA_USAGE = YES_ERROR;
				CLANG_WARN_DOCUMENTATION_COMMENTS = YES;
				CLANG_WARN_EMPTY_BODY = YES;
				CLANG_WARN_ENUM_CONVERSION = YES;
				CLANG_WARN_INFINITE_RECURSION = YES;
				CLANG_WARN_INT_CONVERSION = YES;
				CLANG_WARN_NON_LITERAL_NULL_CONVERSION = YES;
				CLANG_WARN_OBJC_IMPLICIT_RETAIN_SELF = YES;
				CLANG_WARN_OBJC_LITERAL_CONVERSION = YES;
				CLANG_WARN_OBJC_ROOT_CLASS = YES_ERROR;
				CLANG_WARN_RANGE_LOOP_ANALYSIS = YES;
				CLANG_WARN_STRICT_PROTOTYPES = YES;
				CLANG_WARN_SUSPICIOUS_MOVE = YES;
				CLANG_WARN_UNGUARDED_AVAILABILITY = YES_AGGRESSIVE;
				CLANG_WARN_UNREACHABLE_CODE = YES;
				CLANG_WARN__DUPLICATE_METHOD_MATCH = YES;
				CODE_SIGN_IDENTITY = "iPhone Developer";
				COPY_PHASE_STRIP = NO;
				DEBUG_INFORMATION_FORMAT = dwarf;
				ENABLE_STRICT_OBJC_MSGSEND = YES;
				ENABLE_TESTABILITY = YES;
				GCC_C_LANGUAGE_STANDARD = gnu11;
				GCC_DYNAMIC_NO_PIC = NO;
				GCC_NO_COMMON_BLOCKS = YES;
				GCC_OPTIMIZATION_LEVEL = 0;
				GCC_PREPROCESSOR_DEFINITIONS = (
					"DEBUG=1",
					"$(inherited)",
				);
				GCC_WARN_64_TO_32_BIT_CONVERSION = YES;
				GCC_WARN_ABOUT_RETURN_TYPE = YES_ERROR;
				GCC_WARN_UNDECLARED_SELECTOR = YES;
				GCC_WARN_UNINITIALIZED_AUTOS = YES_AGGRESSIVE;
				GCC_WARN_UNUSED_FUNCTION = YES;
				GCC_WARN_UNUSED_VARIABLE = YES;
				IPHONEOS_DEPLOYMENT_TARGET = 12.2;
				MTL_ENABLE_DEBUG_INFO = INCLUDE_SOURCE;
				MTL_FAST_MATH = YES;
				ONLY_ACTIVE_ARCH = YES;
				SDKROOT = iphoneos;
				SWIFT_ACTIVE_COMPILATION_CONDITIONS = DEBUG;
				SWIFT_OPTIMIZATION_LEVEL = "-Onone";
			};
			name = Debug;
		};
		DF40717E227105080025911F /* Release */ = {
			isa = XCBuildConfiguration;
			buildSettings = {
				ALWAYS_SEARCH_USER_PATHS = NO;
				CLANG_ANALYZER_NONNULL = YES;
				CLANG_ANALYZER_NUMBER_OBJECT_CONVERSION = YES_AGGRESSIVE;
				CLANG_CXX_LANGUAGE_STANDARD = "gnu++14";
				CLANG_CXX_LIBRARY = "libc++";
				CLANG_ENABLE_MODULES = YES;
				CLANG_ENABLE_OBJC_ARC = YES;
				CLANG_ENABLE_OBJC_WEAK = YES;
				CLANG_WARN_BLOCK_CAPTURE_AUTORELEASING = YES;
				CLANG_WARN_BOOL_CONVERSION = YES;
				CLANG_WARN_COMMA = YES;
				CLANG_WARN_CONSTANT_CONVERSION = YES;
				CLANG_WARN_DEPRECATED_OBJC_IMPLEMENTATIONS = YES;
				CLANG_WARN_DIRECT_OBJC_ISA_USAGE = YES_ERROR;
				CLANG_WARN_DOCUMENTATION_COMMENTS = YES;
				CLANG_WARN_EMPTY_BODY = YES;
				CLANG_WARN_ENUM_CONVERSION = YES;
				CLANG_WARN_INFINITE_RECURSION = YES;
				CLANG_WARN_INT_CONVERSION = YES;
				CLANG_WARN_NON_LITERAL_NULL_CONVERSION = YES;
				CLANG_WARN_OBJC_IMPLICIT_RETAIN_SELF = YES;
				CLANG_WARN_OBJC_LITERAL_CONVERSION = YES;
				CLANG_WARN_OBJC_ROOT_CLASS = YES_ERROR;
				CLANG_WARN_RANGE_LOOP_ANALYSIS = YES;
				CLANG_WARN_STRICT_PROTOTYPES = YES;
				CLANG_WARN_SUSPICIOUS_MOVE = YES;
				CLANG_WARN_UNGUARDED_AVAILABILITY = YES_AGGRESSIVE;
				CLANG_WARN_UNREACHABLE_CODE = YES;
				CLANG_WARN__DUPLICATE_METHOD_MATCH = YES;
				CODE_SIGN_IDENTITY = "iPhone Developer";
				COPY_PHASE_STRIP = NO;
				DEBUG_INFORMATION_FORMAT = "dwarf-with-dsym";
				ENABLE_NS_ASSERTIONS = NO;
				ENABLE_STRICT_OBJC_MSGSEND = YES;
				GCC_C_LANGUAGE_STANDARD = gnu11;
				GCC_NO_COMMON_BLOCKS = YES;
				GCC_WARN_64_TO_32_BIT_CONVERSION = YES;
				GCC_WARN_ABOUT_RETURN_TYPE = YES_ERROR;
				GCC_WARN_UNDECLARED_SELECTOR = YES;
				GCC_WARN_UNINITIALIZED_AUTOS = YES_AGGRESSIVE;
				GCC_WARN_UNUSED_FUNCTION = YES;
				GCC_WARN_UNUSED_VARIABLE = YES;
				IPHONEOS_DEPLOYMENT_TARGET = 12.2;
				MTL_ENABLE_DEBUG_INFO = NO;
				MTL_FAST_MATH = YES;
				SDKROOT = iphoneos;
				SWIFT_COMPILATION_MODE = wholemodule;
				SWIFT_OPTIMIZATION_LEVEL = "-O";
				VALIDATE_PRODUCT = YES;
			};
			name = Release;
		};
		DF407180227105080025911F /* Debug */ = {
			isa = XCBuildConfiguration;
			buildSettings = {
				ASSETCATALOG_COMPILER_APPICON_NAME = AppIcon;
				CODE_SIGN_STYLE = Automatic;
				DEVELOPMENT_TEAM = 27Y52ZTH85;
				INFOPLIST_FILE = "12-Todoey/Info.plist";
				LD_RUNPATH_SEARCH_PATHS = (
					"$(inherited)",
					"@executable_path/Frameworks",
				);
				PRODUCT_BUNDLE_IDENTIFIER = "com.CeciRdz.-2-Todoey";
				PRODUCT_NAME = "$(TARGET_NAME)";
				SWIFT_VERSION = 5.0;
				TARGETED_DEVICE_FAMILY = "1,2";
			};
			name = Debug;
		};
		DF407181227105080025911F /* Release */ = {
			isa = XCBuildConfiguration;
			buildSettings = {
				ASSETCATALOG_COMPILER_APPICON_NAME = AppIcon;
				CODE_SIGN_STYLE = Automatic;
				DEVELOPMENT_TEAM = 27Y52ZTH85;
				INFOPLIST_FILE = "12-Todoey/Info.plist";
				LD_RUNPATH_SEARCH_PATHS = (
					"$(inherited)",
					"@executable_path/Frameworks",
				);
				PRODUCT_BUNDLE_IDENTIFIER = "com.CeciRdz.-2-Todoey";
				PRODUCT_NAME = "$(TARGET_NAME)";
				SWIFT_VERSION = 5.0;
				TARGETED_DEVICE_FAMILY = "1,2";
			};
			name = Release;
		};
/* End XCBuildConfiguration section */

/* Begin XCConfigurationList section */
		DF407168227105070025911F /* Build configuration list for PBXProject "12-Todoey" */ = {
			isa = XCConfigurationList;
			buildConfigurations = (
				DF40717D227105080025911F /* Debug */,
				DF40717E227105080025911F /* Release */,
			);
			defaultConfigurationIsVisible = 0;
			defaultConfigurationName = Release;
		};
		DF40717F227105080025911F /* Build configuration list for PBXNativeTarget "12-Todoey" */ = {
			isa = XCConfigurationList;
			buildConfigurations = (
				DF407180227105080025911F /* Debug */,
				DF407181227105080025911F /* Release */,
			);
			defaultConfigurationIsVisible = 0;
			defaultConfigurationName = Release;
		};
/* End XCConfigurationList section */

/* Begin XCVersionGroup section */
		DF8A5AF522832DD2005F6710 /* DataModel.xcdatamodeld */ = {
			isa = XCVersionGroup;
			children = (
				DF8A5AF622832DD2005F6710 /* DataModel.xcdatamodel */,
			);
			currentVersion = DF8A5AF622832DD2005F6710 /* DataModel.xcdatamodel */;
			path = DataModel.xcdatamodeld;
			sourceTree = "<group>";
			versionGroupType = wrapper.xcdatamodel;
		};
/* End XCVersionGroup section */
	};
	rootObject = DF407165227105070025911F /* Project object */;
}
